// !$*UTF8*$!
{
	archiveVersion = 1;
	classes = {
	};
	objectVersion = 50;
	objects = {

/* Begin PBXBuildFile section */
		3EC9E0BA238EC81900E2B702 /* Actor.swift in Sources */ = {isa = PBXBuildFile; fileRef = 3EC9E0B9238EC81900E2B702 /* Actor.swift */; };
		A72C7488237C09E800A54C57 /* MovieDetailViewController.swift in Sources */ = {isa = PBXBuildFile; fileRef = A72C7487237C09E800A54C57 /* MovieDetailViewController.swift */; };
		A761AC30234E076400E4CD35 /* AppDelegate.swift in Sources */ = {isa = PBXBuildFile; fileRef = A761AC2F234E076400E4CD35 /* AppDelegate.swift */; };
		A761AC32234E076400E4CD35 /* ViewController.swift in Sources */ = {isa = PBXBuildFile; fileRef = A761AC31234E076400E4CD35 /* ViewController.swift */; };
		A761AC35234E076400E4CD35 /* Main.storyboard in Resources */ = {isa = PBXBuildFile; fileRef = A761AC33234E076400E4CD35 /* Main.storyboard */; };
		A761AC37234E076800E4CD35 /* Assets.xcassets in Resources */ = {isa = PBXBuildFile; fileRef = A761AC36234E076800E4CD35 /* Assets.xcassets */; };
		A761AC3A234E076800E4CD35 /* LaunchScreen.storyboard in Resources */ = {isa = PBXBuildFile; fileRef = A761AC38234E076800E4CD35 /* LaunchScreen.storyboard */; };
		A761AC43234E124000E4CD35 /* Movie.swift in Sources */ = {isa = PBXBuildFile; fileRef = A761AC42234E124000E4CD35 /* Movie.swift */; };
		A77750BF2357233100E5EB85 /* MovieStore.swift in Sources */ = {isa = PBXBuildFile; fileRef = A77750BE2357233100E5EB85 /* MovieStore.swift */; };
		A77750C123574FF900E5EB85 /* MovieTableViewCell.swift in Sources */ = {isa = PBXBuildFile; fileRef = A77750C023574FF900E5EB85 /* MovieTableViewCell.swift */; };
		A7B55736237C4AC500F9F78A /* ListMovieViewController.swift in Sources */ = {isa = PBXBuildFile; fileRef = A7B55735237C4AC500F9F78A /* ListMovieViewController.swift */; };
		A7EB295F238E681900475D09 /* SearchMoviesViewController.swift in Sources */ = {isa = PBXBuildFile; fileRef = A7EB295E238E681900475D09 /* SearchMoviesViewController.swift */; };
/* End PBXBuildFile section */

/* Begin PBXFileReference section */
		3EC9E0B9238EC81900E2B702 /* Actor.swift */ = {isa = PBXFileReference; lastKnownFileType = sourcecode.swift; path = Actor.swift; sourceTree = "<group>"; };
		A72C7487237C09E800A54C57 /* MovieDetailViewController.swift */ = {isa = PBXFileReference; lastKnownFileType = sourcecode.swift; path = MovieDetailViewController.swift; sourceTree = "<group>"; };
		A73CDB3D2355A2FB00906831 /* LicenceDream.playground */ = {isa = PBXFileReference; lastKnownFileType = file.playground; path = LicenceDream.playground; sourceTree = "<group>"; xcLanguageSpecificationIdentifier = xcode.lang.swift; };
		A761AC2C234E076400E4CD35 /* MovieDatabase.app */ = {isa = PBXFileReference; explicitFileType = wrapper.application; includeInIndex = 0; path = MovieDatabase.app; sourceTree = BUILT_PRODUCTS_DIR; };
		A761AC2F234E076400E4CD35 /* AppDelegate.swift */ = {isa = PBXFileReference; lastKnownFileType = sourcecode.swift; path = AppDelegate.swift; sourceTree = "<group>"; };
		A761AC31234E076400E4CD35 /* ViewController.swift */ = {isa = PBXFileReference; lastKnownFileType = sourcecode.swift; path = ViewController.swift; sourceTree = "<group>"; };
		A761AC34234E076400E4CD35 /* Base */ = {isa = PBXFileReference; lastKnownFileType = file.storyboard; name = Base; path = Base.lproj/Main.storyboard; sourceTree = "<group>"; };
		A761AC36234E076800E4CD35 /* Assets.xcassets */ = {isa = PBXFileReference; lastKnownFileType = folder.assetcatalog; path = Assets.xcassets; sourceTree = "<group>"; };
		A761AC39234E076800E4CD35 /* Base */ = {isa = PBXFileReference; lastKnownFileType = file.storyboard; name = Base; path = Base.lproj/LaunchScreen.storyboard; sourceTree = "<group>"; };
		A761AC3B234E076800E4CD35 /* Info.plist */ = {isa = PBXFileReference; lastKnownFileType = text.plist.xml; path = Info.plist; sourceTree = "<group>"; };
		A761AC42234E124000E4CD35 /* Movie.swift */ = {isa = PBXFileReference; lastKnownFileType = sourcecode.swift; path = Movie.swift; sourceTree = "<group>"; };
		A77750BE2357233100E5EB85 /* MovieStore.swift */ = {isa = PBXFileReference; lastKnownFileType = sourcecode.swift; path = MovieStore.swift; sourceTree = "<group>"; };
		A77750C023574FF900E5EB85 /* MovieTableViewCell.swift */ = {isa = PBXFileReference; lastKnownFileType = sourcecode.swift; path = MovieTableViewCell.swift; sourceTree = "<group>"; };
		A7B55735237C4AC500F9F78A /* ListMovieViewController.swift */ = {isa = PBXFileReference; lastKnownFileType = sourcecode.swift; path = ListMovieViewController.swift; sourceTree = "<group>"; };
		A7EB295E238E681900475D09 /* SearchMoviesViewController.swift */ = {isa = PBXFileReference; lastKnownFileType = sourcecode.swift; path = SearchMoviesViewController.swift; sourceTree = "<group>"; };
/* End PBXFileReference section */

/* Begin PBXFrameworksBuildPhase section */
		A761AC29234E076400E4CD35 /* Frameworks */ = {
			isa = PBXFrameworksBuildPhase;
			buildActionMask = 2147483647;
			files = (
			);
			runOnlyForDeploymentPostprocessing = 0;
		};
/* End PBXFrameworksBuildPhase section */

/* Begin PBXGroup section */
		A73CDB3B2355A13800906831 /* Playgrounds */ = {
			isa = PBXGroup;
			children = (
				A73CDB3D2355A2FB00906831 /* LicenceDream.playground */,
			);
			path = Playgrounds;
			sourceTree = "<group>";
		};
		A761AC23234E076400E4CD35 = {
			isa = PBXGroup;
			children = (
				A73CDB3B2355A13800906831 /* Playgrounds */,
				A761AC2E234E076400E4CD35 /* MovieDatabase */,
				A761AC2D234E076400E4CD35 /* Products */,
			);
			sourceTree = "<group>";
		};
		A761AC2D234E076400E4CD35 /* Products */ = {
			isa = PBXGroup;
			children = (
				A761AC2C234E076400E4CD35 /* MovieDatabase.app */,
			);
			name = Products;
			sourceTree = "<group>";
		};
		A761AC2E234E076400E4CD35 /* MovieDatabase */ = {
			isa = PBXGroup;
			children = (
				A761AC2F234E076400E4CD35 /* AppDelegate.swift */,
				A7EB2961238E8A7E00475D09 /* Model */,
				A7EB2960238E8A7400475D09 /* UI */,
				A761AC41234E07ED00E4CD35 /* Supporting Files */,
			);
			path = MovieDatabase;
			sourceTree = "<group>";
		};
		A761AC41234E07ED00E4CD35 /* Supporting Files */ = {
			isa = PBXGroup;
			children = (
				A761AC33234E076400E4CD35 /* Main.storyboard */,
				A761AC3B234E076800E4CD35 /* Info.plist */,
				A761AC38234E076800E4CD35 /* LaunchScreen.storyboard */,
				A761AC36234E076800E4CD35 /* Assets.xcassets */,
			);
			path = "Supporting Files";
			sourceTree = "<group>";
		};
		A7EB2960238E8A7400475D09 /* UI */ = {
			isa = PBXGroup;
			children = (
				A77750C023574FF900E5EB85 /* MovieTableViewCell.swift */,
				A72C7487237C09E800A54C57 /* MovieDetailViewController.swift */,
				A7B55735237C4AC500F9F78A /* ListMovieViewController.swift */,
				A7EB295E238E681900475D09 /* SearchMoviesViewController.swift */,
				A761AC31234E076400E4CD35 /* ViewController.swift */,
			);
			path = UI;
			sourceTree = "<group>";
		};
		A7EB2961238E8A7E00475D09 /* Model */ = {
			isa = PBXGroup;
			children = (
				3EC9E0B9238EC81900E2B702 /* Actor.swift */,
				A761AC42234E124000E4CD35 /* Movie.swift */,
				A77750BE2357233100E5EB85 /* MovieStore.swift */,
			);
			path = Model;
			sourceTree = "<group>";
		};
/* End PBXGroup section */

/* Begin PBXNativeTarget section */
		A761AC2B234E076400E4CD35 /* MovieDatabase */ = {
			isa = PBXNativeTarget;
			buildConfigurationList = A761AC3E234E076800E4CD35 /* Build configuration list for PBXNativeTarget "MovieDatabase" */;
			buildPhases = (
				A761AC28234E076400E4CD35 /* Sources */,
				A761AC29234E076400E4CD35 /* Frameworks */,
				A761AC2A234E076400E4CD35 /* Resources */,
			);
			buildRules = (
			);
			dependencies = (
			);
			name = MovieDatabase;
			productName = MovieDatabase;
			productReference = A761AC2C234E076400E4CD35 /* MovieDatabase.app */;
			productType = "com.apple.product-type.application";
		};
/* End PBXNativeTarget section */

/* Begin PBXProject section */
		A761AC24234E076400E4CD35 /* Project object */ = {
			isa = PBXProject;
			attributes = {
				LastSwiftUpdateCheck = 1030;
				LastUpgradeCheck = 1030;
				ORGANIZATIONNAME = "Gil Nakache";
				TargetAttributes = {
					A761AC2B234E076400E4CD35 = {
						CreatedOnToolsVersion = 10.3;
					};
				};
			};
			buildConfigurationList = A761AC27234E076400E4CD35 /* Build configuration list for PBXProject "MovieDatabase" */;
			compatibilityVersion = "Xcode 9.3";
			developmentRegion = en;
			hasScannedForEncodings = 0;
			knownRegions = (
				en,
				Base,
			);
			mainGroup = A761AC23234E076400E4CD35;
			productRefGroup = A761AC2D234E076400E4CD35 /* Products */;
			projectDirPath = "";
			projectRoot = "";
			targets = (
				A761AC2B234E076400E4CD35 /* MovieDatabase */,
			);
		};
/* End PBXProject section */

/* Begin PBXResourcesBuildPhase section */
		A761AC2A234E076400E4CD35 /* Resources */ = {
			isa = PBXResourcesBuildPhase;
			buildActionMask = 2147483647;
			files = (
				A761AC3A234E076800E4CD35 /* LaunchScreen.storyboard in Resources */,
				A761AC37234E076800E4CD35 /* Assets.xcassets in Resources */,
				A761AC35234E076400E4CD35 /* Main.storyboard in Resources */,
			);
			runOnlyForDeploymentPostprocessing = 0;
		};
/* End PBXResourcesBuildPhase section */

/* Begin PBXSourcesBuildPhase section */
		A761AC28234E076400E4CD35 /* Sources */ = {
			isa = PBXSourcesBuildPhase;
			buildActionMask = 2147483647;
			files = (
				A77750C123574FF900E5EB85 /* MovieTableViewCell.swift in Sources */,
				A77750BF2357233100E5EB85 /* MovieStore.swift in Sources */,
				A761AC32234E076400E4CD35 /* ViewController.swift in Sources */,
				A761AC30234E076400E4CD35 /* AppDelegate.swift in Sources */,
				A72C7488237C09E800A54C57 /* MovieDetailViewController.swift in Sources */,
				A761AC43234E124000E4CD35 /* Movie.swift in Sources */,
				3EC9E0BA238EC81900E2B702 /* Actor.swift in Sources */,
				A7EB295F238E681900475D09 /* SearchMoviesViewController.swift in Sources */,
				A7B55736237C4AC500F9F78A /* ListMovieViewController.swift in Sources */,
			);
			runOnlyForDeploymentPostprocessing = 0;
		};
/* End PBXSourcesBuildPhase section */

/* Begin PBXVariantGroup section */
		A761AC33234E076400E4CD35 /* Main.storyboard */ = {
			isa = PBXVariantGroup;
			children = (
				A761AC34234E076400E4CD35 /* Base */,
			);
			name = Main.storyboard;
			sourceTree = "<group>";
		};
		A761AC38234E076800E4CD35 /* LaunchScreen.storyboard */ = {
			isa = PBXVariantGroup;
			children = (
				A761AC39234E076800E4CD35 /* Base */,
			);
			name = LaunchScreen.storyboard;
			sourceTree = "<group>";
		};
/* End PBXVariantGroup section */

/* Begin XCBuildConfiguration section */
		A761AC3C234E076800E4CD35 /* Debug */ = {
			isa = XCBuildConfiguration;
			buildSettings = {
				ALWAYS_SEARCH_USER_PATHS = NO;
				CLANG_ANALYZER_NONNULL = YES;
				CLANG_ANALYZER_NUMBER_OBJECT_CONVERSION = YES_AGGRESSIVE;
				CLANG_CXX_LANGUAGE_STANDARD = "gnu++14";
				CLANG_CXX_LIBRARY = "libc++";
				CLANG_ENABLE_MODULES = YES;
				CLANG_ENABLE_OBJC_ARC = YES;
				CLANG_ENABLE_OBJC_WEAK = YES;
				CLANG_WARN_BLOCK_CAPTURE_AUTORELEASING = YES;
				CLANG_WARN_BOOL_CONVERSION = YES;
				CLANG_WARN_COMMA = YES;
				CLANG_WARN_CONSTANT_CONVERSION = YES;
				CLANG_WARN_DEPRECATED_OBJC_IMPLEMENTATIONS = YES;
				CLANG_WARN_DIRECT_OBJC_ISA_USAGE = YES_ERROR;
				CLANG_WARN_DOCUMENTATION_COMMENTS = YES;
				CLANG_WARN_EMPTY_BODY = YES;
				CLANG_WARN_ENUM_CONVERSION = YES;
				CLANG_WARN_INFINITE_RECURSION = YES;
				CLANG_WARN_INT_CONVERSION = YES;
				CLANG_WARN_NON_LITERAL_NULL_CONVERSION = YES;
				CLANG_WARN_OBJC_IMPLICIT_RETAIN_SELF = YES;
				CLANG_WARN_OBJC_LITERAL_CONVERSION = YES;
				CLANG_WARN_OBJC_ROOT_CLASS = YES_ERROR;
				CLANG_WARN_RANGE_LOOP_ANALYSIS = YES;
				CLANG_WARN_STRICT_PROTOTYPES = YES;
				CLANG_WARN_SUSPICIOUS_MOVE = YES;
				CLANG_WARN_UNGUARDED_AVAILABILITY = YES_AGGRESSIVE;
				CLANG_WARN_UNREACHABLE_CODE = YES;
				CLANG_WARN__DUPLICATE_METHOD_MATCH = YES;
				CODE_SIGN_IDENTITY = "iPhone Developer";
				COPY_PHASE_STRIP = NO;
				DEBUG_INFORMATION_FORMAT = dwarf;
				ENABLE_STRICT_OBJC_MSGSEND = YES;
				ENABLE_TESTABILITY = YES;
				GCC_C_LANGUAGE_STANDARD = gnu11;
				GCC_DYNAMIC_NO_PIC = NO;
				GCC_NO_COMMON_BLOCKS = YES;
				GCC_OPTIMIZATION_LEVEL = 0;
				GCC_PREPROCESSOR_DEFINITIONS = (
					"DEBUG=1",
					"$(inherited)",
				);
				GCC_WARN_64_TO_32_BIT_CONVERSION = YES;
				GCC_WARN_ABOUT_RETURN_TYPE = YES_ERROR;
				GCC_WARN_UNDECLARED_SELECTOR = YES;
				GCC_WARN_UNINITIALIZED_AUTOS = YES_AGGRESSIVE;
				GCC_WARN_UNUSED_FUNCTION = YES;
				GCC_WARN_UNUSED_VARIABLE = YES;
				IPHONEOS_DEPLOYMENT_TARGET = 12.4;
				MTL_ENABLE_DEBUG_INFO = INCLUDE_SOURCE;
				MTL_FAST_MATH = YES;
				ONLY_ACTIVE_ARCH = YES;
				SDKROOT = iphoneos;
				SWIFT_ACTIVE_COMPILATION_CONDITIONS = DEBUG;
				SWIFT_OPTIMIZATION_LEVEL = "-Onone";
			};
			name = Debug;
		};
		A761AC3D234E076800E4CD35 /* Release */ = {
			isa = XCBuildConfiguration;
			buildSettings = {
				ALWAYS_SEARCH_USER_PATHS = NO;
				CLANG_ANALYZER_NONNULL = YES;
				CLANG_ANALYZER_NUMBER_OBJECT_CONVERSION = YES_AGGRESSIVE;
				CLANG_CXX_LANGUAGE_STANDARD = "gnu++14";
				CLANG_CXX_LIBRARY = "libc++";
				CLANG_ENABLE_MODULES = YES;
				CLANG_ENABLE_OBJC_ARC = YES;
				CLANG_ENABLE_OBJC_WEAK = YES;
				CLANG_WARN_BLOCK_CAPTURE_AUTORELEASING = YES;
				CLANG_WARN_BOOL_CONVERSION = YES;
				CLANG_WARN_COMMA = YES;
				CLANG_WARN_CONSTANT_CONVERSION = YES;
				CLANG_WARN_DEPRECATED_OBJC_IMPLEMENTATIONS = YES;
				CLANG_WARN_DIRECT_OBJC_ISA_USAGE = YES_ERROR;
				CLANG_WARN_DOCUMENTATION_COMMENTS = YES;
				CLANG_WARN_EMPTY_BODY = YES;
				CLANG_WARN_ENUM_CONVERSION = YES;
				CLANG_WARN_INFINITE_RECURSION = YES;
				CLANG_WARN_INT_CONVERSION = YES;
				CLANG_WARN_NON_LITERAL_NULL_CONVERSION = YES;
				CLANG_WARN_OBJC_IMPLICIT_RETAIN_SELF = YES;
				CLANG_WARN_OBJC_LITERAL_CONVERSION = YES;
				CLANG_WARN_OBJC_ROOT_CLASS = YES_ERROR;
				CLANG_WARN_RANGE_LOOP_ANALYSIS = YES;
				CLANG_WARN_STRICT_PROTOTYPES = YES;
				CLANG_WARN_SUSPICIOUS_MOVE = YES;
				CLANG_WARN_UNGUARDED_AVAILABILITY = YES_AGGRESSIVE;
				CLANG_WARN_UNREACHABLE_CODE = YES;
				CLANG_WARN__DUPLICATE_METHOD_MATCH = YES;
				CODE_SIGN_IDENTITY = "iPhone Developer";
				COPY_PHASE_STRIP = NO;
				DEBUG_INFORMATION_FORMAT = "dwarf-with-dsym";
				ENABLE_NS_ASSERTIONS = NO;
				ENABLE_STRICT_OBJC_MSGSEND = YES;
				GCC_C_LANGUAGE_STANDARD = gnu11;
				GCC_NO_COMMON_BLOCKS = YES;
				GCC_WARN_64_TO_32_BIT_CONVERSION = YES;
				GCC_WARN_ABOUT_RETURN_TYPE = YES_ERROR;
				GCC_WARN_UNDECLARED_SELECTOR = YES;
				GCC_WARN_UNINITIALIZED_AUTOS = YES_AGGRESSIVE;
				GCC_WARN_UNUSED_FUNCTION = YES;
				GCC_WARN_UNUSED_VARIABLE = YES;
				IPHONEOS_DEPLOYMENT_TARGET = 12.4;
				MTL_ENABLE_DEBUG_INFO = NO;
				MTL_FAST_MATH = YES;
				SDKROOT = iphoneos;
				SWIFT_COMPILATION_MODE = wholemodule;
				SWIFT_OPTIMIZATION_LEVEL = "-O";
				VALIDATE_PRODUCT = YES;
			};
			name = Release;
		};
		A761AC3F234E076800E4CD35 /* Debug */ = {
			isa = XCBuildConfiguration;
			buildSettings = {
				ASSETCATALOG_COMPILER_APPICON_NAME = AppIcon;
				CODE_SIGN_STYLE = Automatic;
				DEVELOPMENT_TEAM = Q9QV2AWW3F;
				INFOPLIST_FILE = "$(SRCROOT)/MovieDatabase/Supporting Files/Info.plist";
				LD_RUNPATH_SEARCH_PATHS = (
					"$(inherited)",
					"@executable_path/Frameworks",
				);
				PRODUCT_BUNDLE_IDENTIFIER = com.gn.MovieDatabase;
				PRODUCT_NAME = "$(TARGET_NAME)";
				SWIFT_VERSION = 5.0;
				TARGETED_DEVICE_FAMILY = "1,2";
			};
			name = Debug;
		};
		A761AC40234E076800E4CD35 /* Release */ = {
			isa = XCBuildConfiguration;
			buildSettings = {
				ASSETCATALOG_COMPILER_APPICON_NAME = AppIcon;
				CODE_SIGN_STYLE = Automatic;
				DEVELOPMENT_TEAM = Q9QV2AWW3F;
				INFOPLIST_FILE = "$(SRCROOT)/MovieDatabase/Supporting Files/Info.plist";
				LD_RUNPATH_SEARCH_PATHS = (
					"$(inherited)",
					"@executable_path/Frameworks",
				);
				PRODUCT_BUNDLE_IDENTIFIER = com.gn.MovieDatabase;
				PRODUCT_NAME = "$(TARGET_NAME)";
				SWIFT_VERSION = 5.0;
				TARGETED_DEVICE_FAMILY = "1,2";
			};
			name = Release;
		};
/* End XCBuildConfiguration section */

/* Begin XCConfigurationList section */
		A761AC27234E076400E4CD35 /* Build configuration list for PBXProject "MovieDatabase" */ = {
			isa = XCConfigurationList;
			buildConfigurations = (
				A761AC3C234E076800E4CD35 /* Debug */,
				A761AC3D234E076800E4CD35 /* Release */,
			);
			defaultConfigurationIsVisible = 0;
			defaultConfigurationName = Release;
		};
		A761AC3E234E076800E4CD35 /* Build configuration list for PBXNativeTarget "MovieDatabase" */ = {
			isa = XCConfigurationList;
			buildConfigurations = (
				A761AC3F234E076800E4CD35 /* Debug */,
				A761AC40234E076800E4CD35 /* Release */,
			);
			defaultConfigurationIsVisible = 0;
			defaultConfigurationName = Release;
		};
/* End XCConfigurationList section */
	};
	rootObject = A761AC24234E076400E4CD35 /* Project object */;
}
